
Microsoft Visual Studio Solution File, Format Version 12.00
# Visual Studio Version 17
VisualStudioVersion = 17.7.34031.279
MinimumVisualStudioVersion = 10.0.40219.1
Project("{9A19103F-16F7-4668-BE54-9A1E7A4F7556}") = "integrador", "integrador.csproj", "{2C246B7A-A8E1-42C7-8C81-A127178735C3}"
EndProject
Global
	GlobalSection(SolutionConfigurationPlatforms) = preSolution
		Debug|Any CPU = Debug|Any CPU
		Release|Any CPU = Release|Any CPU
	EndGlobalSection
	GlobalSection(ProjectConfigurationPlatforms) = postSolution
		{2C246B7A-A8E1-42C7-8C81-A127178735C3}.Debug|Any CPU.ActiveCfg = Debug|Any CPU
		{2C246B7A-A8E1-42C7-8C81-A127178735C3}.Debug|Any CPU.Build.0 = Debug|Any CPU
		{2C246B7A-A8E1-42C7-8C81-A127178735C3}.Release|Any CPU.ActiveCfg = Release|Any CPU
		{2C246B7A-A8E1-42C7-8C81-A127178735C3}.Release|Any CPU.Build.0 = Release|Any CPU
	EndGlobalSection
	GlobalSection(SolutionProperties) = preSolution
		HideSolutionNode = FALSE
	EndGlobalSection
	GlobalSection(ExtensibilityGlobals) = postSolution
		SolutionGuid = {8EBFFE28-8136-4AE0-B579-7693585C1118}
	EndGlobalSection
EndGlobal
